// !$*UTF8*$!
{
	archiveVersion = 1;
	classes = {
	};
	objectVersion = 50;
	objects = {

/* Begin PBXBuildFile section */
		525846DB25A3008700755757 /* AppDelegate.swift in Sources */ = {isa = PBXBuildFile; fileRef = 525846DA25A3008700755757 /* AppDelegate.swift */; };
		525846DD25A3008700755757 /* SceneDelegate.swift in Sources */ = {isa = PBXBuildFile; fileRef = 525846DC25A3008700755757 /* SceneDelegate.swift */; };
		525846DF25A3008700755757 /* ViewController.swift in Sources */ = {isa = PBXBuildFile; fileRef = 525846DE25A3008700755757 /* ViewController.swift */; };
		525846E225A3008700755757 /* Main.storyboard in Resources */ = {isa = PBXBuildFile; fileRef = 525846E025A3008700755757 /* Main.storyboard */; };
		525846E425A3008D00755757 /* Assets.xcassets in Resources */ = {isa = PBXBuildFile; fileRef = 525846E325A3008D00755757 /* Assets.xcassets */; };
		525846E725A3008D00755757 /* LaunchScreen.storyboard in Resources */ = {isa = PBXBuildFile; fileRef = 525846E525A3008D00755757 /* LaunchScreen.storyboard */; };
		525846F225A3008D00755757 /* ProgrammaticUITests.swift in Sources */ = {isa = PBXBuildFile; fileRef = 525846F125A3008D00755757 /* ProgrammaticUITests.swift */; };
/* End PBXBuildFile section */

/* Begin PBXContainerItemProxy section */
		525846EE25A3008D00755757 /* PBXContainerItemProxy */ = {
			isa = PBXContainerItemProxy;
			containerPortal = 525846CF25A3008700755757 /* Project object */;
			proxyType = 1;
			remoteGlobalIDString = 525846D625A3008700755757;
			remoteInfo = ProgrammaticUI;
		};
/* End PBXContainerItemProxy section */

/* Begin PBXFileReference section */
		525846D725A3008700755757 /* ProgrammaticUI.app */ = {isa = PBXFileReference; explicitFileType = wrapper.application; includeInIndex = 0; path = ProgrammaticUI.app; sourceTree = BUILT_PRODUCTS_DIR; };
		525846DA25A3008700755757 /* AppDelegate.swift */ = {isa = PBXFileReference; lastKnownFileType = sourcecode.swift; path = AppDelegate.swift; sourceTree = "<group>"; };
		525846DC25A3008700755757 /* SceneDelegate.swift */ = {isa = PBXFileReference; lastKnownFileType = sourcecode.swift; path = SceneDelegate.swift; sourceTree = "<group>"; };
		525846DE25A3008700755757 /* ViewController.swift */ = {isa = PBXFileReference; lastKnownFileType = sourcecode.swift; path = ViewController.swift; sourceTree = "<group>"; };
		525846E125A3008700755757 /* Base */ = {isa = PBXFileReference; lastKnownFileType = file.storyboard; name = Base; path = Base.lproj/Main.storyboard; sourceTree = "<group>"; };
		525846E325A3008D00755757 /* Assets.xcassets */ = {isa = PBXFileReference; lastKnownFileType = folder.assetcatalog; path = Assets.xcassets; sourceTree = "<group>"; };
		525846E625A3008D00755757 /* Base */ = {isa = PBXFileReference; lastKnownFileType = file.storyboard; name = Base; path = Base.lproj/LaunchScreen.storyboard; sourceTree = "<group>"; };
		525846E825A3008D00755757 /* Info.plist */ = {isa = PBXFileReference; lastKnownFileType = text.plist.xml; path = Info.plist; sourceTree = "<group>"; };
		525846ED25A3008D00755757 /* ProgrammaticUITests.xctest */ = {isa = PBXFileReference; explicitFileType = wrapper.cfbundle; includeInIndex = 0; path = ProgrammaticUITests.xctest; sourceTree = BUILT_PRODUCTS_DIR; };
		525846F125A3008D00755757 /* ProgrammaticUITests.swift */ = {isa = PBXFileReference; lastKnownFileType = sourcecode.swift; path = ProgrammaticUITests.swift; sourceTree = "<group>"; };
		525846F325A3008D00755757 /* Info.plist */ = {isa = PBXFileReference; lastKnownFileType = text.plist.xml; path = Info.plist; sourceTree = "<group>"; };
/* End PBXFileReference section */

/* Begin PBXFrameworksBuildPhase section */
		525846D425A3008700755757 /* Frameworks */ = {
			isa = PBXFrameworksBuildPhase;
			buildActionMask = 2147483647;
			files = (
			);
			runOnlyForDeploymentPostprocessing = 0;
		};
		525846EA25A3008D00755757 /* Frameworks */ = {
			isa = PBXFrameworksBuildPhase;
			buildActionMask = 2147483647;
			files = (
			);
			runOnlyForDeploymentPostprocessing = 0;
		};
/* End PBXFrameworksBuildPhase section */

/* Begin PBXGroup section */
		525846CE25A3008700755757 = {
			isa = PBXGroup;
			children = (
				525846D925A3008700755757 /* ProgrammaticUI */,
				525846F025A3008D00755757 /* ProgrammaticUITests */,
				525846D825A3008700755757 /* Products */,
			);
			sourceTree = "<group>";
		};
		525846D825A3008700755757 /* Products */ = {
			isa = PBXGroup;
			children = (
				525846D725A3008700755757 /* ProgrammaticUI.app */,
				525846ED25A3008D00755757 /* ProgrammaticUITests.xctest */,
			);
			name = Products;
			sourceTree = "<group>";
		};
		525846D925A3008700755757 /* ProgrammaticUI */ = {
			isa = PBXGroup;
			children = (
				525846DA25A3008700755757 /* AppDelegate.swift */,
				525846DC25A3008700755757 /* SceneDelegate.swift */,
				525846DE25A3008700755757 /* ViewController.swift */,
				525846E025A3008700755757 /* Main.storyboard */,
				525846E325A3008D00755757 /* Assets.xcassets */,
				525846E525A3008D00755757 /* LaunchScreen.storyboard */,
				525846E825A3008D00755757 /* Info.plist */,
			);
			path = ProgrammaticUI;
			sourceTree = "<group>";
		};
		525846F025A3008D00755757 /* ProgrammaticUITests */ = {
			isa = PBXGroup;
			children = (
				525846F125A3008D00755757 /* ProgrammaticUITests.swift */,
				525846F325A3008D00755757 /* Info.plist */,
			);
			path = ProgrammaticUITests;
			sourceTree = "<group>";
		};
/* End PBXGroup section */

/* Begin PBXNativeTarget section */
		525846D625A3008700755757 /* ProgrammaticUI */ = {
			isa = PBXNativeTarget;
			buildConfigurationList = 525846F625A3008D00755757 /* Build configuration list for PBXNativeTarget "ProgrammaticUI" */;
			buildPhases = (
				525846D325A3008700755757 /* Sources */,
				525846D425A3008700755757 /* Frameworks */,
				525846D525A3008700755757 /* Resources */,
			);
			buildRules = (
			);
			dependencies = (
			);
			name = ProgrammaticUI;
			productName = ProgrammaticUI;
			productReference = 525846D725A3008700755757 /* ProgrammaticUI.app */;
			productType = "com.apple.product-type.application";
		};
		525846EC25A3008D00755757 /* ProgrammaticUITests */ = {
			isa = PBXNativeTarget;
			buildConfigurationList = 525846F925A3008D00755757 /* Build configuration list for PBXNativeTarget "ProgrammaticUITests" */;
			buildPhases = (
				525846E925A3008D00755757 /* Sources */,
				525846EA25A3008D00755757 /* Frameworks */,
				525846EB25A3008D00755757 /* Resources */,
			);
			buildRules = (
			);
			dependencies = (
				525846EF25A3008D00755757 /* PBXTargetDependency */,
			);
			name = ProgrammaticUITests;
			productName = ProgrammaticUITests;
			productReference = 525846ED25A3008D00755757 /* ProgrammaticUITests.xctest */;
			productType = "com.apple.product-type.bundle.unit-test";
		};
/* End PBXNativeTarget section */

/* Begin PBXProject section */
		525846CF25A3008700755757 /* Project object */ = {
			isa = PBXProject;
			attributes = {
				LastSwiftUpdateCheck = 1120;
				LastUpgradeCheck = 1120;
				ORGANIZATIONNAME = Irish;
				TargetAttributes = {
					525846D625A3008700755757 = {
						CreatedOnToolsVersion = 11.2.1;
					};
					525846EC25A3008D00755757 = {
						CreatedOnToolsVersion = 11.2.1;
						TestTargetID = 525846D625A3008700755757;
					};
				};
			};
			buildConfigurationList = 525846D225A3008700755757 /* Build configuration list for PBXProject "ProgrammaticUI" */;
			compatibilityVersion = "Xcode 9.3";
			developmentRegion = en;
			hasScannedForEncodings = 0;
			knownRegions = (
				en,
				Base,
			);
			mainGroup = 525846CE25A3008700755757;
			productRefGroup = 525846D825A3008700755757 /* Products */;
			projectDirPath = "";
			projectRoot = "";
			targets = (
				525846D625A3008700755757 /* ProgrammaticUI */,
				525846EC25A3008D00755757 /* ProgrammaticUITests */,
			);
		};
/* End PBXProject section */

/* Begin PBXResourcesBuildPhase section */
		525846D525A3008700755757 /* Resources */ = {
			isa = PBXResourcesBuildPhase;
			buildActionMask = 2147483647;
			files = (
				525846E725A3008D00755757 /* LaunchScreen.storyboard in Resources */,
				525846E425A3008D00755757 /* Assets.xcassets in Resources */,
				525846E225A3008700755757 /* Main.storyboard in Resources */,
			);
			runOnlyForDeploymentPostprocessing = 0;
		};
		525846EB25A3008D00755757 /* Resources */ = {
			isa = PBXResourcesBuildPhase;
			buildActionMask = 2147483647;
			files = (
			);
			runOnlyForDeploymentPostprocessing = 0;
		};
/* End PBXResourcesBuildPhase section */

/* Begin PBXSourcesBuildPhase section */
		525846D325A3008700755757 /* Sources */ = {
			isa = PBXSourcesBuildPhase;
			buildActionMask = 2147483647;
			files = (
				525846DF25A3008700755757 /* ViewController.swift in Sources */,
				525846DB25A3008700755757 /* AppDelegate.swift in Sources */,
				525846DD25A3008700755757 /* SceneDelegate.swift in Sources */,
			);
			runOnlyForDeploymentPostprocessing = 0;
		};
		525846E925A3008D00755757 /* Sources */ = {
			isa = PBXSourcesBuildPhase;
			buildActionMask = 2147483647;
			files = (
				525846F225A3008D00755757 /* ProgrammaticUITests.swift in Sources */,
			);
			runOnlyForDeploymentPostprocessing = 0;
		};
/* End PBXSourcesBuildPhase section */

/* Begin PBXTargetDependency section */
		525846EF25A3008D00755757 /* PBXTargetDependency */ = {
			isa = PBXTargetDependency;
			target = 525846D625A3008700755757 /* ProgrammaticUI */;
			targetProxy = 525846EE25A3008D00755757 /* PBXContainerItemProxy */;
		};
/* End PBXTargetDependency section */

/* Begin PBXVariantGroup section */
		525846E025A3008700755757 /* Main.storyboard */ = {
			isa = PBXVariantGroup;
			children = (
				525846E125A3008700755757 /* Base */,
			);
			name = Main.storyboard;
			sourceTree = "<group>";
		};
		525846E525A3008D00755757 /* LaunchScreen.storyboard */ = {
			isa = PBXVariantGroup;
			children = (
				525846E625A3008D00755757 /* Base */,
			);
			name = LaunchScreen.storyboard;
			sourceTree = "<group>";
		};
/* End PBXVariantGroup section */

/* Begin XCBuildConfiguration section */
		525846F425A3008D00755757 /* Debug */ = {
			isa = XCBuildConfiguration;
			buildSettings = {
				ALWAYS_SEARCH_USER_PATHS = NO;
				CLANG_ANALYZER_NONNULL = YES;
				CLANG_ANALYZER_NUMBER_OBJECT_CONVERSION = YES_AGGRESSIVE;
				CLANG_CXX_LANGUAGE_STANDARD = "gnu++14";
				CLANG_CXX_LIBRARY = "libc++";
				CLANG_ENABLE_MODULES = YES;
				CLANG_ENABLE_OBJC_ARC = YES;
				CLANG_ENABLE_OBJC_WEAK = YES;
				CLANG_WARN_BLOCK_CAPTURE_AUTORELEASING = YES;
				CLANG_WARN_BOOL_CONVERSION = YES;
				CLANG_WARN_COMMA = YES;
				CLANG_WARN_CONSTANT_CONVERSION = YES;
				CLANG_WARN_DEPRECATED_OBJC_IMPLEMENTATIONS = YES;
				CLANG_WARN_DIRECT_OBJC_ISA_USAGE = YES_ERROR;
				CLANG_WARN_DOCUMENTATION_COMMENTS = YES;
				CLANG_WARN_EMPTY_BODY = YES;
				CLANG_WARN_ENUM_CONVERSION = YES;
				CLANG_WARN_INFINITE_RECURSION = YES;
				CLANG_WARN_INT_CONVERSION = YES;
				CLANG_WARN_NON_LITERAL_NULL_CONVERSION = YES;
				CLANG_WARN_OBJC_IMPLICIT_RETAIN_SELF = YES;
				CLANG_WARN_OBJC_LITERAL_CONVERSION = YES;
				CLANG_WARN_OBJC_ROOT_CLASS = YES_ERROR;
				CLANG_WARN_RANGE_LOOP_ANALYSIS = YES;
				CLANG_WARN_STRICT_PROTOTYPES = YES;
				CLANG_WARN_SUSPICIOUS_MOVE = YES;
				CLANG_WARN_UNGUARDED_AVAILABILITY = YES_AGGRESSIVE;
				CLANG_WARN_UNREACHABLE_CODE = YES;
				CLANG_WARN__DUPLICATE_METHOD_MATCH = YES;
				COPY_PHASE_STRIP = NO;
				DEBUG_INFORMATION_FORMAT = dwarf;
				ENABLE_STRICT_OBJC_MSGSEND = YES;
				ENABLE_TESTABILITY = YES;
				GCC_C_LANGUAGE_STANDARD = gnu11;
				GCC_DYNAMIC_NO_PIC = NO;
				GCC_NO_COMMON_BLOCKS = YES;
				GCC_OPTIMIZATION_LEVEL = 0;
				GCC_PREPROCESSOR_DEFINITIONS = (
					"DEBUG=1",
					"$(inherited)",
				);
				GCC_WARN_64_TO_32_BIT_CONVERSION = YES;
				GCC_WARN_ABOUT_RETURN_TYPE = YES_ERROR;
				GCC_WARN_UNDECLARED_SELECTOR = YES;
				GCC_WARN_UNINITIALIZED_AUTOS = YES_AGGRESSIVE;
				GCC_WARN_UNUSED_FUNCTION = YES;
				GCC_WARN_UNUSED_VARIABLE = YES;
				IPHONEOS_DEPLOYMENT_TARGET = 13.2;
				MTL_ENABLE_DEBUG_INFO = INCLUDE_SOURCE;
				MTL_FAST_MATH = YES;
				ONLY_ACTIVE_ARCH = YES;
				SDKROOT = iphoneos;
				SWIFT_ACTIVE_COMPILATION_CONDITIONS = DEBUG;
				SWIFT_OPTIMIZATION_LEVEL = "-Onone";
			};
			name = Debug;
		};
		525846F525A3008D00755757 /* Release */ = {
			isa = XCBuildConfiguration;
			buildSettings = {
				ALWAYS_SEARCH_USER_PATHS = NO;
				CLANG_ANALYZER_NONNULL = YES;
				CLANG_ANALYZER_NUMBER_OBJECT_CONVERSION = YES_AGGRESSIVE;
				CLANG_CXX_LANGUAGE_STANDARD = "gnu++14";
				CLANG_CXX_LIBRARY = "libc++";
				CLANG_ENABLE_MODULES = YES;
				CLANG_ENABLE_OBJC_ARC = YES;
				CLANG_ENABLE_OBJC_WEAK = YES;
				CLANG_WARN_BLOCK_CAPTURE_AUTORELEASING = YES;
				CLANG_WARN_BOOL_CONVERSION = YES;
				CLANG_WARN_COMMA = YES;
				CLANG_WARN_CONSTANT_CONVERSION = YES;
				CLANG_WARN_DEPRECATED_OBJC_IMPLEMENTATIONS = YES;
				CLANG_WARN_DIRECT_OBJC_ISA_USAGE = YES_ERROR;
				CLANG_WARN_DOCUMENTATION_COMMENTS = YES;
				CLANG_WARN_EMPTY_BODY = YES;
				CLANG_WARN_ENUM_CONVERSION = YES;
				CLANG_WARN_INFINITE_RECURSION = YES;
				CLANG_WARN_INT_CONVERSION = YES;
				CLANG_WARN_NON_LITERAL_NULL_CONVERSION = YES;
				CLANG_WARN_OBJC_IMPLICIT_RETAIN_SELF = YES;
				CLANG_WARN_OBJC_LITERAL_CONVERSION = YES;
				CLANG_WARN_OBJC_ROOT_CLASS = YES_ERROR;
				CLANG_WARN_RANGE_LOOP_ANALYSIS = YES;
				CLANG_WARN_STRICT_PROTOTYPES = YES;
				CLANG_WARN_SUSPICIOUS_MOVE = YES;
				CLANG_WARN_UNGUARDED_AVAILABILITY = YES_AGGRESSIVE;
				CLANG_WARN_UNREACHABLE_CODE = YES;
				CLANG_WARN__DUPLICATE_METHOD_MATCH = YES;
				COPY_PHASE_STRIP = NO;
				DEBUG_INFORMATION_FORMAT = "dwarf-with-dsym";
				ENABLE_NS_ASSERTIONS = NO;
				ENABLE_STRICT_OBJC_MSGSEND = YES;
				GCC_C_LANGUAGE_STANDARD = gnu11;
				GCC_NO_COMMON_BLOCKS = YES;
				GCC_WARN_64_TO_32_BIT_CONVERSION = YES;
				GCC_WARN_ABOUT_RETURN_TYPE = YES_ERROR;
				GCC_WARN_UNDECLARED_SELECTOR = YES;
				GCC_WARN_UNINITIALIZED_AUTOS = YES_AGGRESSIVE;
				GCC_WARN_UNUSED_FUNCTION = YES;
				GCC_WARN_UNUSED_VARIABLE = YES;
				IPHONEOS_DEPLOYMENT_TARGET = 13.2;
				MTL_ENABLE_DEBUG_INFO = NO;
				MTL_FAST_MATH = YES;
				SDKROOT = iphoneos;
				SWIFT_COMPILATION_MODE = wholemodule;
				SWIFT_OPTIMIZATION_LEVEL = "-O";
				VALIDATE_PRODUCT = YES;
			};
			name = Release;
		};
		525846F725A3008D00755757 /* Debug */ = {
			isa = XCBuildConfiguration;
			buildSettings = {
				ASSETCATALOG_COMPILER_APPICON_NAME = AppIcon;
				CODE_SIGN_STYLE = Automatic;
				DEVELOPMENT_TEAM = 8SJPN67HR7;
				INFOPLIST_FILE = ProgrammaticUI/Info.plist;
				LD_RUNPATH_SEARCH_PATHS = (
					"$(inherited)",
					"@executable_path/Frameworks",
				);
				PRODUCT_BUNDLE_IDENTIFIER = com.irishclotario.ProgrammaticUI;
				PRODUCT_NAME = "$(TARGET_NAME)";
				SWIFT_VERSION = 5.0;
				TARGETED_DEVICE_FAMILY = "1,2";
			};
			name = Debug;
		};
		525846F825A3008D00755757 /* Release */ = {
			isa = XCBuildConfiguration;
			buildSettings = {
				ASSETCATALOG_COMPILER_APPICON_NAME = AppIcon;
				CODE_SIGN_STYLE = Automatic;
				DEVELOPMENT_TEAM = 8SJPN67HR7;
				INFOPLIST_FILE = ProgrammaticUI/Info.plist;
				LD_RUNPATH_SEARCH_PATHS = (
					"$(inherited)",
					"@executable_path/Frameworks",
				);
				PRODUCT_BUNDLE_IDENTIFIER = com.irishclotario.ProgrammaticUI;
				PRODUCT_NAME = "$(TARGET_NAME)";
				SWIFT_VERSION = 5.0;
				TARGETED_DEVICE_FAMILY = "1,2";
			};
			name = Release;
		};
		525846FA25A3008D00755757 /* Debug */ = {
			isa = XCBuildConfiguration;
			buildSettings = {
				ALWAYS_EMBED_SWIFT_STANDARD_LIBRARIES = YES;
				BUNDLE_LOADER = "$(TEST_HOST)";
				CODE_SIGN_STYLE = Automatic;
				DEVELOPMENT_TEAM = 8SJPN67HR7;
				INFOPLIST_FILE = ProgrammaticUITests/Info.plist;
				IPHONEOS_DEPLOYMENT_TARGET = 13.2;
				LD_RUNPATH_SEARCH_PATHS = (
					"$(inherited)",
					"@executable_path/Frameworks",
					"@loader_path/Frameworks",
				);
				PRODUCT_BUNDLE_IDENTIFIER = com.irishclotario.ProgrammaticUITests;
				PRODUCT_NAME = "$(TARGET_NAME)";
				SWIFT_VERSION = 5.0;
				TARGETED_DEVICE_FAMILY = "1,2";
				TEST_HOST = "$(BUILT_PRODUCTS_DIR)/ProgrammaticUI.app/ProgrammaticUI";
			};
			name = Debug;
		};
		525846FB25A3008D00755757 /* Release */ = {
			isa = XCBuildConfiguration;
			buildSettings = {
				ALWAYS_EMBED_SWIFT_STANDARD_LIBRARIES = YES;
				BUNDLE_LOADER = "$(TEST_HOST)";
				CODE_SIGN_STYLE = Automatic;
				DEVELOPMENT_TEAM = 8SJPN67HR7;
				INFOPLIST_FILE = ProgrammaticUITests/Info.plist;
				IPHONEOS_DEPLOYMENT_TARGET = 13.2;
				LD_RUNPATH_SEARCH_PATHS = (
					"$(inherited)",
					"@executable_path/Frameworks",
					"@loader_path/Frameworks",
				);
				PRODUCT_BUNDLE_IDENTIFIER = com.irishclotario.ProgrammaticUITests;
				PRODUCT_NAME = "$(TARGET_NAME)";
				SWIFT_VERSION = 5.0;
				TARGETED_DEVICE_FAMILY = "1,2";
				TEST_HOST = "$(BUILT_PRODUCTS_DIR)/ProgrammaticUI.app/ProgrammaticUI";
			};
			name = Release;
		};
/* End XCBuildConfiguration section */

/* Begin XCConfigurationList section */
		525846D225A3008700755757 /* Build configuration list for PBXProject "ProgrammaticUI" */ = {
			isa = XCConfigurationList;
			buildConfigurations = (
				525846F425A3008D00755757 /* Debug */,
				525846F525A3008D00755757 /* Release */,
			);
			defaultConfigurationIsVisible = 0;
			defaultConfigurationName = Release;
		};
		525846F625A3008D00755757 /* Build configuration list for PBXNativeTarget "ProgrammaticUI" */ = {
			isa = XCConfigurationList;
			buildConfigurations = (
				525846F725A3008D00755757 /* Debug */,
				525846F825A3008D00755757 /* Release */,
			);
			defaultConfigurationIsVisible = 0;
			defaultConfigurationName = Release;
		};
		525846F925A3008D00755757 /* Build configuration list for PBXNativeTarget "ProgrammaticUITests" */ = {
			isa = XCConfigurationList;
			buildConfigurations = (
				525846FA25A3008D00755757 /* Debug */,
				525846FB25A3008D00755757 /* Release */,
			);
			defaultConfigurationIsVisible = 0;
			defaultConfigurationName = Release;
		};
/* End XCConfigurationList section */
	};
	rootObject = 525846CF25A3008700755757 /* Project object */;
}
